// !$*UTF8*$!
{
	archiveVersion = 1;
	classes = {
	};
	objectVersion = 50;
	objects = {

/* Begin PBXBuildFile section */
		75865B1A22620F7D00F476B5 /* UIView+TDExtended.swift in Sources */ = {isa = PBXBuildFile; fileRef = 75865B1922620F7D00F476B5 /* UIView+TDExtended.swift */; };
		75865B1F22621B6800F476B5 /* CoreData.xcdatamodeld in Sources */ = {isa = PBXBuildFile; fileRef = 75865B1D22621B6800F476B5 /* CoreData.xcdatamodeld */; };
		75865B212262201500F476B5 /* CoreData.swift in Sources */ = {isa = PBXBuildFile; fileRef = 75865B202262201500F476B5 /* CoreData.swift */; };
		75865B2C2263105600F476B5 /* CurrencyPairsAddPairHeaderView.swift in Sources */ = {isa = PBXBuildFile; fileRef = 75865B2B2263105600F476B5 /* CurrencyPairsAddPairHeaderView.swift */; };
		75865B2E2263106500F476B5 /* CurrencyPairsAddPairHeaderView.xib in Resources */ = {isa = PBXBuildFile; fileRef = 75865B2D2263106500F476B5 /* CurrencyPairsAddPairHeaderView.xib */; };
		75865B3222632F3C00F476B5 /* CurrencyPairTableCell.swift in Sources */ = {isa = PBXBuildFile; fileRef = 75865B3022632F3C00F476B5 /* CurrencyPairTableCell.swift */; };
		75865B3322632F3C00F476B5 /* CurrencyPairTableCell.xib in Resources */ = {isa = PBXBuildFile; fileRef = 75865B3122632F3C00F476B5 /* CurrencyPairTableCell.xib */; };
		75EA41B7225E6A350080A7CE /* AppDelegate.swift in Sources */ = {isa = PBXBuildFile; fileRef = 75EA41B6225E6A350080A7CE /* AppDelegate.swift */; };
		75EA41BE225E6A370080A7CE /* Assets.xcassets in Resources */ = {isa = PBXBuildFile; fileRef = 75EA41BD225E6A370080A7CE /* Assets.xcassets */; };
		75EA41C1225E6A370080A7CE /* LaunchScreen.storyboard in Resources */ = {isa = PBXBuildFile; fileRef = 75EA41BF225E6A370080A7CE /* LaunchScreen.storyboard */; };
		75EA41CD225E6B300080A7CE /* RootRouter.swift in Sources */ = {isa = PBXBuildFile; fileRef = 75EA41CC225E6B300080A7CE /* RootRouter.swift */; };
		75EA41D4225E6C0F0080A7CE /* CurrencyPairsPresenter.swift in Sources */ = {isa = PBXBuildFile; fileRef = 75EA41CF225E6C0F0080A7CE /* CurrencyPairsPresenter.swift */; };
		75EA41D5225E6C0F0080A7CE /* CurrencyPairsRouter.swift in Sources */ = {isa = PBXBuildFile; fileRef = 75EA41D0225E6C0F0080A7CE /* CurrencyPairsRouter.swift */; };
		75EA41D6225E6C0F0080A7CE /* CurrencyPairsViewController.swift in Sources */ = {isa = PBXBuildFile; fileRef = 75EA41D1225E6C0F0080A7CE /* CurrencyPairsViewController.swift */; };
		75EA41D7225E6C0F0080A7CE /* CurrencyPairsConfigurator.swift in Sources */ = {isa = PBXBuildFile; fileRef = 75EA41D2225E6C0F0080A7CE /* CurrencyPairsConfigurator.swift */; };
		75EA41D8225E6C0F0080A7CE /* CurrencyPairsViewController.xib in Resources */ = {isa = PBXBuildFile; fileRef = 75EA41D3225E6C0F0080A7CE /* CurrencyPairsViewController.xib */; };
		75EA41DC225E6C570080A7CE /* UIViewController+TDExtended.swift in Sources */ = {isa = PBXBuildFile; fileRef = 75EA41DB225E6C570080A7CE /* UIViewController+TDExtended.swift */; };
		75EA41DF225E6DF00080A7CE /* Currency.swift in Sources */ = {isa = PBXBuildFile; fileRef = 75EA41DE225E6DF00080A7CE /* Currency.swift */; };
		75EA41E1225E6F410080A7CE /* UITableView+TDExtended.swift in Sources */ = {isa = PBXBuildFile; fileRef = 75EA41E0225E6F410080A7CE /* UITableView+TDExtended.swift */; };
		75EA41EA225E79C90080A7CE /* CurrencySelectPresenter.swift in Sources */ = {isa = PBXBuildFile; fileRef = 75EA41E5225E79C90080A7CE /* CurrencySelectPresenter.swift */; };
		75EA41EB225E79C90080A7CE /* CurrencySelectRouter.swift in Sources */ = {isa = PBXBuildFile; fileRef = 75EA41E6225E79C90080A7CE /* CurrencySelectRouter.swift */; };
		75EA41EC225E79C90080A7CE /* CurrencySelectViewController.swift in Sources */ = {isa = PBXBuildFile; fileRef = 75EA41E7225E79C90080A7CE /* CurrencySelectViewController.swift */; };
		75EA41ED225E79C90080A7CE /* CurrencySelectConfigurator.swift in Sources */ = {isa = PBXBuildFile; fileRef = 75EA41E8225E79C90080A7CE /* CurrencySelectConfigurator.swift */; };
		75EA41EE225E79C90080A7CE /* CurrencySelectViewController.xib in Resources */ = {isa = PBXBuildFile; fileRef = 75EA41E9225E79C90080A7CE /* CurrencySelectViewController.xib */; };
		75EA41F2225E7CAA0080A7CE /* CurrencyTableCell.swift in Sources */ = {isa = PBXBuildFile; fileRef = 75EA41F0225E7CAA0080A7CE /* CurrencyTableCell.swift */; };
		75EA41F3225E7CAA0080A7CE /* CurrencyTableCell.xib in Resources */ = {isa = PBXBuildFile; fileRef = 75EA41F1225E7CAA0080A7CE /* CurrencyTableCell.xib */; };
		75EA41F5225E84000080A7CE /* Localizable.strings in Resources */ = {isa = PBXBuildFile; fileRef = 75EA41F4225E84000080A7CE /* Localizable.strings */; };
		75EA41FC225F0C700080A7CE /* SF-Pro-Display-Bold.otf in Resources */ = {isa = PBXBuildFile; fileRef = 75EA41F8225F0C6F0080A7CE /* SF-Pro-Display-Bold.otf */; };
		75EA41FD225F0C700080A7CE /* SF-Pro-Display-Medium.otf in Resources */ = {isa = PBXBuildFile; fileRef = 75EA41F9225F0C6F0080A7CE /* SF-Pro-Display-Medium.otf */; };
		75EA41FE225F0C700080A7CE /* SF-Pro-Display-Regular.otf in Resources */ = {isa = PBXBuildFile; fileRef = 75EA41FA225F0C700080A7CE /* SF-Pro-Display-Regular.otf */; };
		75EA41FF225F0C700080A7CE /* SF-Pro-Display-Light.otf in Resources */ = {isa = PBXBuildFile; fileRef = 75EA41FB225F0C700080A7CE /* SF-Pro-Display-Light.otf */; };
/* End PBXBuildFile section */

/* Begin PBXFileReference section */
		75865B1922620F7D00F476B5 /* UIView+TDExtended.swift */ = {isa = PBXFileReference; lastKnownFileType = sourcecode.swift; path = "UIView+TDExtended.swift"; sourceTree = "<group>"; };
		75865B1E22621B6800F476B5 /* CoreData.xcdatamodel */ = {isa = PBXFileReference; lastKnownFileType = wrapper.xcdatamodel; path = CoreData.xcdatamodel; sourceTree = "<group>"; };
		75865B202262201500F476B5 /* CoreData.swift */ = {isa = PBXFileReference; lastKnownFileType = sourcecode.swift; path = CoreData.swift; sourceTree = "<group>"; };
		75865B2B2263105600F476B5 /* CurrencyPairsAddPairHeaderView.swift */ = {isa = PBXFileReference; lastKnownFileType = sourcecode.swift; path = CurrencyPairsAddPairHeaderView.swift; sourceTree = "<group>"; };
		75865B2D2263106500F476B5 /* CurrencyPairsAddPairHeaderView.xib */ = {isa = PBXFileReference; lastKnownFileType = file.xib; path = CurrencyPairsAddPairHeaderView.xib; sourceTree = "<group>"; };
		75865B3022632F3C00F476B5 /* CurrencyPairTableCell.swift */ = {isa = PBXFileReference; lastKnownFileType = sourcecode.swift; path = CurrencyPairTableCell.swift; sourceTree = "<group>"; };
		75865B3122632F3C00F476B5 /* CurrencyPairTableCell.xib */ = {isa = PBXFileReference; lastKnownFileType = file.xib; path = CurrencyPairTableCell.xib; sourceTree = "<group>"; };
		75EA41B3225E6A350080A7CE /* CurrenVerter.app */ = {isa = PBXFileReference; explicitFileType = wrapper.application; includeInIndex = 0; path = CurrenVerter.app; sourceTree = BUILT_PRODUCTS_DIR; };
		75EA41B6225E6A350080A7CE /* AppDelegate.swift */ = {isa = PBXFileReference; lastKnownFileType = sourcecode.swift; path = AppDelegate.swift; sourceTree = "<group>"; };
		75EA41BD225E6A370080A7CE /* Assets.xcassets */ = {isa = PBXFileReference; lastKnownFileType = folder.assetcatalog; path = Assets.xcassets; sourceTree = "<group>"; };
		75EA41C0225E6A370080A7CE /* Base */ = {isa = PBXFileReference; lastKnownFileType = file.storyboard; name = Base; path = Base.lproj/LaunchScreen.storyboard; sourceTree = "<group>"; };
		75EA41C2225E6A370080A7CE /* Info.plist */ = {isa = PBXFileReference; lastKnownFileType = text.plist.xml; path = Info.plist; sourceTree = "<group>"; };
		75EA41CC225E6B300080A7CE /* RootRouter.swift */ = {isa = PBXFileReference; lastKnownFileType = sourcecode.swift; path = RootRouter.swift; sourceTree = "<group>"; };
		75EA41CF225E6C0F0080A7CE /* CurrencyPairsPresenter.swift */ = {isa = PBXFileReference; lastKnownFileType = sourcecode.swift; path = CurrencyPairsPresenter.swift; sourceTree = "<group>"; };
		75EA41D0225E6C0F0080A7CE /* CurrencyPairsRouter.swift */ = {isa = PBXFileReference; lastKnownFileType = sourcecode.swift; path = CurrencyPairsRouter.swift; sourceTree = "<group>"; };
		75EA41D1225E6C0F0080A7CE /* CurrencyPairsViewController.swift */ = {isa = PBXFileReference; lastKnownFileType = sourcecode.swift; path = CurrencyPairsViewController.swift; sourceTree = "<group>"; };
		75EA41D2225E6C0F0080A7CE /* CurrencyPairsConfigurator.swift */ = {isa = PBXFileReference; lastKnownFileType = sourcecode.swift; path = CurrencyPairsConfigurator.swift; sourceTree = "<group>"; };
		75EA41D3225E6C0F0080A7CE /* CurrencyPairsViewController.xib */ = {isa = PBXFileReference; lastKnownFileType = file.xib; path = CurrencyPairsViewController.xib; sourceTree = "<group>"; };
		75EA41DB225E6C570080A7CE /* UIViewController+TDExtended.swift */ = {isa = PBXFileReference; lastKnownFileType = sourcecode.swift; path = "UIViewController+TDExtended.swift"; sourceTree = "<group>"; };
		75EA41DE225E6DF00080A7CE /* Currency.swift */ = {isa = PBXFileReference; lastKnownFileType = sourcecode.swift; path = Currency.swift; sourceTree = "<group>"; };
		75EA41E0225E6F410080A7CE /* UITableView+TDExtended.swift */ = {isa = PBXFileReference; lastKnownFileType = sourcecode.swift; path = "UITableView+TDExtended.swift"; sourceTree = "<group>"; };
		75EA41E5225E79C90080A7CE /* CurrencySelectPresenter.swift */ = {isa = PBXFileReference; lastKnownFileType = sourcecode.swift; path = CurrencySelectPresenter.swift; sourceTree = "<group>"; };
		75EA41E6225E79C90080A7CE /* CurrencySelectRouter.swift */ = {isa = PBXFileReference; lastKnownFileType = sourcecode.swift; path = CurrencySelectRouter.swift; sourceTree = "<group>"; };
		75EA41E7225E79C90080A7CE /* CurrencySelectViewController.swift */ = {isa = PBXFileReference; lastKnownFileType = sourcecode.swift; path = CurrencySelectViewController.swift; sourceTree = "<group>"; };
		75EA41E8225E79C90080A7CE /* CurrencySelectConfigurator.swift */ = {isa = PBXFileReference; lastKnownFileType = sourcecode.swift; path = CurrencySelectConfigurator.swift; sourceTree = "<group>"; };
		75EA41E9225E79C90080A7CE /* CurrencySelectViewController.xib */ = {isa = PBXFileReference; lastKnownFileType = file.xib; path = CurrencySelectViewController.xib; sourceTree = "<group>"; };
		75EA41F0225E7CAA0080A7CE /* CurrencyTableCell.swift */ = {isa = PBXFileReference; lastKnownFileType = sourcecode.swift; path = CurrencyTableCell.swift; sourceTree = "<group>"; };
		75EA41F1225E7CAA0080A7CE /* CurrencyTableCell.xib */ = {isa = PBXFileReference; lastKnownFileType = file.xib; path = CurrencyTableCell.xib; sourceTree = "<group>"; };
		75EA41F4225E84000080A7CE /* Localizable.strings */ = {isa = PBXFileReference; lastKnownFileType = text.plist.strings; path = Localizable.strings; sourceTree = "<group>"; };
		75EA41F8225F0C6F0080A7CE /* SF-Pro-Display-Bold.otf */ = {isa = PBXFileReference; lastKnownFileType = file; path = "SF-Pro-Display-Bold.otf"; sourceTree = "<group>"; };
		75EA41F9225F0C6F0080A7CE /* SF-Pro-Display-Medium.otf */ = {isa = PBXFileReference; lastKnownFileType = file; path = "SF-Pro-Display-Medium.otf"; sourceTree = "<group>"; };
		75EA41FA225F0C700080A7CE /* SF-Pro-Display-Regular.otf */ = {isa = PBXFileReference; lastKnownFileType = file; path = "SF-Pro-Display-Regular.otf"; sourceTree = "<group>"; };
		75EA41FB225F0C700080A7CE /* SF-Pro-Display-Light.otf */ = {isa = PBXFileReference; lastKnownFileType = file; path = "SF-Pro-Display-Light.otf"; sourceTree = "<group>"; };
/* End PBXFileReference section */

/* Begin PBXFrameworksBuildPhase section */
		75EA41B0225E6A350080A7CE /* Frameworks */ = {
			isa = PBXFrameworksBuildPhase;
			buildActionMask = 2147483647;
			files = (
			);
			runOnlyForDeploymentPostprocessing = 0;
		};
/* End PBXFrameworksBuildPhase section */

/* Begin PBXGroup section */
		75865B1C22621B0000F476B5 /* Utils */ = {
			isa = PBXGroup;
			children = (
				75865B1D22621B6800F476B5 /* CoreData.xcdatamodeld */,
				75865B202262201500F476B5 /* CoreData.swift */,
			);
			path = Utils;
			sourceTree = "<group>";
		};
		75865B2A2263102800F476B5 /* Views */ = {
			isa = PBXGroup;
			children = (
				75865B2B2263105600F476B5 /* CurrencyPairsAddPairHeaderView.swift */,
				75865B2D2263106500F476B5 /* CurrencyPairsAddPairHeaderView.xib */,
			);
			path = Views;
			sourceTree = "<group>";
		};
		75865B2F22632F1B00F476B5 /* Cells */ = {
			isa = PBXGroup;
			children = (
				75865B3022632F3C00F476B5 /* CurrencyPairTableCell.swift */,
				75865B3122632F3C00F476B5 /* CurrencyPairTableCell.xib */,
			);
			path = Cells;
			sourceTree = "<group>";
		};
		75EA41AA225E6A350080A7CE = {
			isa = PBXGroup;
			children = (
				75EA41B5225E6A350080A7CE /* CurrenVerter */,
				75EA41B4225E6A350080A7CE /* Products */,
			);
			sourceTree = "<group>";
		};
		75EA41B4225E6A350080A7CE /* Products */ = {
			isa = PBXGroup;
			children = (
				75EA41B3225E6A350080A7CE /* CurrenVerter.app */,
			);
			name = Products;
			sourceTree = "<group>";
		};
		75EA41B5225E6A350080A7CE /* CurrenVerter */ = {
			isa = PBXGroup;
			children = (
				75865B1C22621B0000F476B5 /* Utils */,
				75EA41DD225E6DD90080A7CE /* Entities */,
				75EA41D9225E6C390080A7CE /* Extensions */,
				75EA41CB225E6AD20080A7CE /* Modules */,
				75EA41CA225E6AAF0080A7CE /* Resources */,
				75EA41C9225E6A960080A7CE /* Supporting Files */,
				75EA41C8225E6A880080A7CE /* Application */,
			);
			path = CurrenVerter;
			sourceTree = "<group>";
		};
		75EA41C8225E6A880080A7CE /* Application */ = {
			isa = PBXGroup;
			children = (
				75EA41B6225E6A350080A7CE /* AppDelegate.swift */,
				75EA41CC225E6B300080A7CE /* RootRouter.swift */,
			);
			path = Application;
			sourceTree = "<group>";
		};
		75EA41C9225E6A960080A7CE /* Supporting Files */ = {
			isa = PBXGroup;
			children = (
				75EA41BF225E6A370080A7CE /* LaunchScreen.storyboard */,
				75EA41C2225E6A370080A7CE /* Info.plist */,
			);
			path = "Supporting Files";
			sourceTree = "<group>";
		};
		75EA41CA225E6AAF0080A7CE /* Resources */ = {
			isa = PBXGroup;
			children = (
				75EA41F6225F0BF40080A7CE /* Fonts */,
				75EA41BD225E6A370080A7CE /* Assets.xcassets */,
				75EA41F4225E84000080A7CE /* Localizable.strings */,
			);
			path = Resources;
			sourceTree = "<group>";
		};
		75EA41CB225E6AD20080A7CE /* Modules */ = {
			isa = PBXGroup;
			children = (
				75EA41CE225E6BF90080A7CE /* CurrencyPairs */,
				75EA41E4225E79AC0080A7CE /* CurrencySelect */,
			);
			path = Modules;
			sourceTree = "<group>";
		};
		75EA41CE225E6BF90080A7CE /* CurrencyPairs */ = {
			isa = PBXGroup;
			children = (
				75865B2F22632F1B00F476B5 /* Cells */,
				75865B2A2263102800F476B5 /* Views */,
				75EA41D1225E6C0F0080A7CE /* CurrencyPairsViewController.swift */,
				75EA41D3225E6C0F0080A7CE /* CurrencyPairsViewController.xib */,
				75EA41CF225E6C0F0080A7CE /* CurrencyPairsPresenter.swift */,
				75EA41D0225E6C0F0080A7CE /* CurrencyPairsRouter.swift */,
				75EA41D2225E6C0F0080A7CE /* CurrencyPairsConfigurator.swift */,
			);
			path = CurrencyPairs;
			sourceTree = "<group>";
		};
		75EA41D9225E6C390080A7CE /* Extensions */ = {
			isa = PBXGroup;
			children = (
				75EA41DA225E6C440080A7CE /* UIKit */,
			);
			path = Extensions;
			sourceTree = "<group>";
		};
		75EA41DA225E6C440080A7CE /* UIKit */ = {
			isa = PBXGroup;
			children = (
				75EA41DB225E6C570080A7CE /* UIViewController+TDExtended.swift */,
				75EA41E0225E6F410080A7CE /* UITableView+TDExtended.swift */,
				75865B1922620F7D00F476B5 /* UIView+TDExtended.swift */,
			);
			path = UIKit;
			sourceTree = "<group>";
		};
		75EA41DD225E6DD90080A7CE /* Entities */ = {
			isa = PBXGroup;
			children = (
				75EA41DE225E6DF00080A7CE /* Currency.swift */,
			);
			path = Entities;
			sourceTree = "<group>";
		};
		75EA41E4225E79AC0080A7CE /* CurrencySelect */ = {
			isa = PBXGroup;
			children = (
				75EA41EF225E7C930080A7CE /* Cells */,
				75EA41E7225E79C90080A7CE /* CurrencySelectViewController.swift */,
				75EA41E9225E79C90080A7CE /* CurrencySelectViewController.xib */,
				75EA41E5225E79C90080A7CE /* CurrencySelectPresenter.swift */,
				75EA41E6225E79C90080A7CE /* CurrencySelectRouter.swift */,
				75EA41E8225E79C90080A7CE /* CurrencySelectConfigurator.swift */,
			);
			path = CurrencySelect;
			sourceTree = "<group>";
		};
		75EA41EF225E7C930080A7CE /* Cells */ = {
			isa = PBXGroup;
			children = (
				75EA41F0225E7CAA0080A7CE /* CurrencyTableCell.swift */,
				75EA41F1225E7CAA0080A7CE /* CurrencyTableCell.xib */,
			);
			path = Cells;
			sourceTree = "<group>";
		};
		75EA41F6225F0BF40080A7CE /* Fonts */ = {
			isa = PBXGroup;
			children = (
				75EA41F7225F0BFF0080A7CE /* SFProDisplay */,
			);
			path = Fonts;
			sourceTree = "<group>";
		};
		75EA41F7225F0BFF0080A7CE /* SFProDisplay */ = {
			isa = PBXGroup;
			children = (
				75EA41F8225F0C6F0080A7CE /* SF-Pro-Display-Bold.otf */,
				75EA41FB225F0C700080A7CE /* SF-Pro-Display-Light.otf */,
				75EA41F9225F0C6F0080A7CE /* SF-Pro-Display-Medium.otf */,
				75EA41FA225F0C700080A7CE /* SF-Pro-Display-Regular.otf */,
			);
			path = SFProDisplay;
			sourceTree = "<group>";
		};
/* End PBXGroup section */

/* Begin PBXNativeTarget section */
		75EA41B2225E6A350080A7CE /* CurrenVerter */ = {
			isa = PBXNativeTarget;
			buildConfigurationList = 75EA41C5225E6A370080A7CE /* Build configuration list for PBXNativeTarget "CurrenVerter" */;
			buildPhases = (
				75EA41AF225E6A350080A7CE /* Sources */,
				75EA41B0225E6A350080A7CE /* Frameworks */,
				75EA41B1225E6A350080A7CE /* Resources */,
			);
			buildRules = (
			);
			dependencies = (
			);
			name = CurrenVerter;
			productName = CurrenVerter;
			productReference = 75EA41B3225E6A350080A7CE /* CurrenVerter.app */;
			productType = "com.apple.product-type.application";
		};
/* End PBXNativeTarget section */

/* Begin PBXProject section */
		75EA41AB225E6A350080A7CE /* Project object */ = {
			isa = PBXProject;
			attributes = {
				LastSwiftUpdateCheck = 1010;
				LastUpgradeCheck = 1010;
				ORGANIZATIONNAME = "Tabriz Dzhavadov";
				TargetAttributes = {
					75EA41B2225E6A350080A7CE = {
						CreatedOnToolsVersion = 10.1;
					};
				};
			};
			buildConfigurationList = 75EA41AE225E6A350080A7CE /* Build configuration list for PBXProject "CurrenVerter" */;
			compatibilityVersion = "Xcode 9.3";
			developmentRegion = en;
			hasScannedForEncodings = 0;
			knownRegions = (
				en,
				Base,
			);
			mainGroup = 75EA41AA225E6A350080A7CE;
			productRefGroup = 75EA41B4225E6A350080A7CE /* Products */;
			projectDirPath = "";
			projectRoot = "";
			targets = (
				75EA41B2225E6A350080A7CE /* CurrenVerter */,
			);
		};
/* End PBXProject section */

/* Begin PBXResourcesBuildPhase section */
		75EA41B1225E6A350080A7CE /* Resources */ = {
			isa = PBXResourcesBuildPhase;
			buildActionMask = 2147483647;
			files = (
				75EA41FD225F0C700080A7CE /* SF-Pro-Display-Medium.otf in Resources */,
				75EA41F3225E7CAA0080A7CE /* CurrencyTableCell.xib in Resources */,
				75EA41F5225E84000080A7CE /* Localizable.strings in Resources */,
				75EA41C1225E6A370080A7CE /* LaunchScreen.storyboard in Resources */,
				75EA41BE225E6A370080A7CE /* Assets.xcassets in Resources */,
				75EA41FC225F0C700080A7CE /* SF-Pro-Display-Bold.otf in Resources */,
				75EA41FF225F0C700080A7CE /* SF-Pro-Display-Light.otf in Resources */,
				75EA41EE225E79C90080A7CE /* CurrencySelectViewController.xib in Resources */,
				75865B2E2263106500F476B5 /* CurrencyPairsAddPairHeaderView.xib in Resources */,
				75865B3322632F3C00F476B5 /* CurrencyPairTableCell.xib in Resources */,
				75EA41FE225F0C700080A7CE /* SF-Pro-Display-Regular.otf in Resources */,
				75EA41D8225E6C0F0080A7CE /* CurrencyPairsViewController.xib in Resources */,
			);
			runOnlyForDeploymentPostprocessing = 0;
		};
/* End PBXResourcesBuildPhase section */

/* Begin PBXSourcesBuildPhase section */
		75EA41AF225E6A350080A7CE /* Sources */ = {
			isa = PBXSourcesBuildPhase;
			buildActionMask = 2147483647;
			files = (
				75EA41ED225E79C90080A7CE /* CurrencySelectConfigurator.swift in Sources */,
				75EA41CD225E6B300080A7CE /* RootRouter.swift in Sources */,
				75EA41EB225E79C90080A7CE /* CurrencySelectRouter.swift in Sources */,
				75EA41EA225E79C90080A7CE /* CurrencySelectPresenter.swift in Sources */,
				75865B212262201500F476B5 /* CoreData.swift in Sources */,
				75EA41B7225E6A350080A7CE /* AppDelegate.swift in Sources */,
				75865B1F22621B6800F476B5 /* CoreData.xcdatamodeld in Sources */,
				75EA41D4225E6C0F0080A7CE /* CurrencyPairsPresenter.swift in Sources */,
				75EA41D7225E6C0F0080A7CE /* CurrencyPairsConfigurator.swift in Sources */,
				75EA41DF225E6DF00080A7CE /* Currency.swift in Sources */,
				75865B2C2263105600F476B5 /* CurrencyPairsAddPairHeaderView.swift in Sources */,
				75865B3222632F3C00F476B5 /* CurrencyPairTableCell.swift in Sources */,
				75EA41F2225E7CAA0080A7CE /* CurrencyTableCell.swift in Sources */,
				75EA41D6225E6C0F0080A7CE /* CurrencyPairsViewController.swift in Sources */,
				75EA41E1225E6F410080A7CE /* UITableView+TDExtended.swift in Sources */,
				75EA41EC225E79C90080A7CE /* CurrencySelectViewController.swift in Sources */,
				75EA41DC225E6C570080A7CE /* UIViewController+TDExtended.swift in Sources */,
				75EA41D5225E6C0F0080A7CE /* CurrencyPairsRouter.swift in Sources */,
				75865B1A22620F7D00F476B5 /* UIView+TDExtended.swift in Sources */,
			);
			runOnlyForDeploymentPostprocessing = 0;
		};
/* End PBXSourcesBuildPhase section */

/* Begin PBXVariantGroup section */
		75EA41BF225E6A370080A7CE /* LaunchScreen.storyboard */ = {
			isa = PBXVariantGroup;
			children = (
				75EA41C0225E6A370080A7CE /* Base */,
			);
			name = LaunchScreen.storyboard;
			sourceTree = "<group>";
		};
/* End PBXVariantGroup section */

/* Begin XCBuildConfiguration section */
		75EA41C3225E6A370080A7CE /* Debug */ = {
			isa = XCBuildConfiguration;
			buildSettings = {
				ALWAYS_SEARCH_USER_PATHS = NO;
				CLANG_ANALYZER_NONNULL = YES;
				CLANG_ANALYZER_NUMBER_OBJECT_CONVERSION = YES_AGGRESSIVE;
				CLANG_CXX_LANGUAGE_STANDARD = "gnu++14";
				CLANG_CXX_LIBRARY = "libc++";
				CLANG_ENABLE_MODULES = YES;
				CLANG_ENABLE_OBJC_ARC = YES;
				CLANG_ENABLE_OBJC_WEAK = YES;
				CLANG_WARN_BLOCK_CAPTURE_AUTORELEASING = YES;
				CLANG_WARN_BOOL_CONVERSION = YES;
				CLANG_WARN_COMMA = YES;
				CLANG_WARN_CONSTANT_CONVERSION = YES;
				CLANG_WARN_DEPRECATED_OBJC_IMPLEMENTATIONS = YES;
				CLANG_WARN_DIRECT_OBJC_ISA_USAGE = YES_ERROR;
				CLANG_WARN_DOCUMENTATION_COMMENTS = YES;
				CLANG_WARN_EMPTY_BODY = YES;
				CLANG_WARN_ENUM_CONVERSION = YES;
				CLANG_WARN_INFINITE_RECURSION = YES;
				CLANG_WARN_INT_CONVERSION = YES;
				CLANG_WARN_NON_LITERAL_NULL_CONVERSION = YES;
				CLANG_WARN_OBJC_IMPLICIT_RETAIN_SELF = YES;
				CLANG_WARN_OBJC_LITERAL_CONVERSION = YES;
				CLANG_WARN_OBJC_ROOT_CLASS = YES_ERROR;
				CLANG_WARN_RANGE_LOOP_ANALYSIS = YES;
				CLANG_WARN_STRICT_PROTOTYPES = YES;
				CLANG_WARN_SUSPICIOUS_MOVE = YES;
				CLANG_WARN_UNGUARDED_AVAILABILITY = YES_AGGRESSIVE;
				CLANG_WARN_UNREACHABLE_CODE = YES;
				CLANG_WARN__DUPLICATE_METHOD_MATCH = YES;
				CODE_SIGN_IDENTITY = "iPhone Developer";
				COPY_PHASE_STRIP = NO;
				DEBUG_INFORMATION_FORMAT = dwarf;
				ENABLE_STRICT_OBJC_MSGSEND = YES;
				ENABLE_TESTABILITY = YES;
				GCC_C_LANGUAGE_STANDARD = gnu11;
				GCC_DYNAMIC_NO_PIC = NO;
				GCC_NO_COMMON_BLOCKS = YES;
				GCC_OPTIMIZATION_LEVEL = 0;
				GCC_PREPROCESSOR_DEFINITIONS = (
					"DEBUG=1",
					"$(inherited)",
				);
				GCC_WARN_64_TO_32_BIT_CONVERSION = YES;
				GCC_WARN_ABOUT_RETURN_TYPE = YES_ERROR;
				GCC_WARN_UNDECLARED_SELECTOR = YES;
				GCC_WARN_UNINITIALIZED_AUTOS = YES_AGGRESSIVE;
				GCC_WARN_UNUSED_FUNCTION = YES;
				GCC_WARN_UNUSED_VARIABLE = YES;
				IPHONEOS_DEPLOYMENT_TARGET = 12.1;
				MTL_ENABLE_DEBUG_INFO = INCLUDE_SOURCE;
				MTL_FAST_MATH = YES;
				ONLY_ACTIVE_ARCH = YES;
				SDKROOT = iphoneos;
				SWIFT_ACTIVE_COMPILATION_CONDITIONS = DEBUG;
				SWIFT_OPTIMIZATION_LEVEL = "-Onone";
			};
			name = Debug;
		};
		75EA41C4225E6A370080A7CE /* Release */ = {
			isa = XCBuildConfiguration;
			buildSettings = {
				ALWAYS_SEARCH_USER_PATHS = NO;
				CLANG_ANALYZER_NONNULL = YES;
				CLANG_ANALYZER_NUMBER_OBJECT_CONVERSION = YES_AGGRESSIVE;
				CLANG_CXX_LANGUAGE_STANDARD = "gnu++14";
				CLANG_CXX_LIBRARY = "libc++";
				CLANG_ENABLE_MODULES = YES;
				CLANG_ENABLE_OBJC_ARC = YES;
				CLANG_ENABLE_OBJC_WEAK = YES;
				CLANG_WARN_BLOCK_CAPTURE_AUTORELEASING = YES;
				CLANG_WARN_BOOL_CONVERSION = YES;
				CLANG_WARN_COMMA = YES;
				CLANG_WARN_CONSTANT_CONVERSION = YES;
				CLANG_WARN_DEPRECATED_OBJC_IMPLEMENTATIONS = YES;
				CLANG_WARN_DIRECT_OBJC_ISA_USAGE = YES_ERROR;
				CLANG_WARN_DOCUMENTATION_COMMENTS = YES;
				CLANG_WARN_EMPTY_BODY = YES;
				CLANG_WARN_ENUM_CONVERSION = YES;
				CLANG_WARN_INFINITE_RECURSION = YES;
				CLANG_WARN_INT_CONVERSION = YES;
				CLANG_WARN_NON_LITERAL_NULL_CONVERSION = YES;
				CLANG_WARN_OBJC_IMPLICIT_RETAIN_SELF = YES;
				CLANG_WARN_OBJC_LITERAL_CONVERSION = YES;
				CLANG_WARN_OBJC_ROOT_CLASS = YES_ERROR;
				CLANG_WARN_RANGE_LOOP_ANALYSIS = YES;
				CLANG_WARN_STRICT_PROTOTYPES = YES;
				CLANG_WARN_SUSPICIOUS_MOVE = YES;
				CLANG_WARN_UNGUARDED_AVAILABILITY = YES_AGGRESSIVE;
				CLANG_WARN_UNREACHABLE_CODE = YES;
				CLANG_WARN__DUPLICATE_METHOD_MATCH = YES;
				CODE_SIGN_IDENTITY = "iPhone Developer";
				COPY_PHASE_STRIP = NO;
				DEBUG_INFORMATION_FORMAT = "dwarf-with-dsym";
				ENABLE_NS_ASSERTIONS = NO;
				ENABLE_STRICT_OBJC_MSGSEND = YES;
				GCC_C_LANGUAGE_STANDARD = gnu11;
				GCC_NO_COMMON_BLOCKS = YES;
				GCC_WARN_64_TO_32_BIT_CONVERSION = YES;
				GCC_WARN_ABOUT_RETURN_TYPE = YES_ERROR;
				GCC_WARN_UNDECLARED_SELECTOR = YES;
				GCC_WARN_UNINITIALIZED_AUTOS = YES_AGGRESSIVE;
				GCC_WARN_UNUSED_FUNCTION = YES;
				GCC_WARN_UNUSED_VARIABLE = YES;
				IPHONEOS_DEPLOYMENT_TARGET = 12.1;
				MTL_ENABLE_DEBUG_INFO = NO;
				MTL_FAST_MATH = YES;
				SDKROOT = iphoneos;
				SWIFT_COMPILATION_MODE = wholemodule;
				SWIFT_OPTIMIZATION_LEVEL = "-O";
				VALIDATE_PRODUCT = YES;
			};
			name = Release;
		};
		75EA41C6225E6A370080A7CE /* Debug */ = {
			isa = XCBuildConfiguration;
			buildSettings = {
				ASSETCATALOG_COMPILER_APPICON_NAME = AppIcon;
				CODE_SIGN_STYLE = Automatic;
				INFOPLIST_FILE = "$(SRCROOT)/CurrenVerter/Supporting Files/Info.plist";
				LD_RUNPATH_SEARCH_PATHS = (
					"$(inherited)",
					"@executable_path/Frameworks",
				);
				PRODUCT_BUNDLE_IDENTIFIER = az.wolferine.CurrenVerter;
				PRODUCT_NAME = "$(TARGET_NAME)";
				SWIFT_VERSION = 4.2;
				TARGETED_DEVICE_FAMILY = "1,2";
			};
			name = Debug;
		};
		75EA41C7225E6A370080A7CE /* Release */ = {
			isa = XCBuildConfiguration;
			buildSettings = {
				ASSETCATALOG_COMPILER_APPICON_NAME = AppIcon;
				CODE_SIGN_STYLE = Automatic;
				INFOPLIST_FILE = "$(SRCROOT)/CurrenVerter/Supporting Files/Info.plist";
				LD_RUNPATH_SEARCH_PATHS = (
					"$(inherited)",
					"@executable_path/Frameworks",
				);
				PRODUCT_BUNDLE_IDENTIFIER = az.wolferine.CurrenVerter;
				PRODUCT_NAME = "$(TARGET_NAME)";
				SWIFT_VERSION = 4.2;
				TARGETED_DEVICE_FAMILY = "1,2";
			};
			name = Release;
		};
/* End XCBuildConfiguration section */

/* Begin XCConfigurationList section */
		75EA41AE225E6A350080A7CE /* Build configuration list for PBXProject "CurrenVerter" */ = {
			isa = XCConfigurationList;
			buildConfigurations = (
				75EA41C3225E6A370080A7CE /* Debug */,
				75EA41C4225E6A370080A7CE /* Release */,
			);
			defaultConfigurationIsVisible = 0;
			defaultConfigurationName = Release;
		};
		75EA41C5225E6A370080A7CE /* Build configuration list for PBXNativeTarget "CurrenVerter" */ = {
			isa = XCConfigurationList;
			buildConfigurations = (
				75EA41C6225E6A370080A7CE /* Debug */,
				75EA41C7225E6A370080A7CE /* Release */,
			);
			defaultConfigurationIsVisible = 0;
			defaultConfigurationName = Release;
		};
/* End XCConfigurationList section */

/* Begin XCVersionGroup section */
		75865B1D22621B6800F476B5 /* CoreData.xcdatamodeld */ = {
			isa = XCVersionGroup;
			children = (
				75865B1E22621B6800F476B5 /* CoreData.xcdatamodel */,
			);
			currentVersion = 75865B1E22621B6800F476B5 /* CoreData.xcdatamodel */;
			path = CoreData.xcdatamodeld;
			sourceTree = "<group>";
			versionGroupType = wrapper.xcdatamodel;
		};
/* End XCVersionGroup section */
	};
	rootObject = 75EA41AB225E6A350080A7CE /* Project object */;
}
